
Microsoft Visual Studio Solution File, Format Version 12.00
Project("{FAE04EC0-301F-11D3-BF4B-00C04F79EFBC}") = "AspireLearning.AppHost", "AspireLearning.AppHost\AspireLearning.AppHost.csproj", "{B49A391B-C2AE-47C7-98E5-C4FDDECDF267}"
EndProject
Project("{FAE04EC0-301F-11D3-BF4B-00C04F79EFBC}") = "AspireLearning.ServiceDefaults", "AspireLearning.ServiceDefaults\AspireLearning.ServiceDefaults.csproj", "{1464568F-A70A-41DC-9696-D60992B2E56D}"
EndProject
Project("{FAE04EC0-301F-11D3-BF4B-00C04F79EFBC}") = "AspireLearning.Api", "AspireLearning.Api\AspireLearning.Api.csproj", "{863F9BD3-083E-478B-9F3C-FD2B17CB1911}"
EndProject
Global
	GlobalSection(SolutionConfigurationPlatforms) = preSolution
		Debug|Any CPU = Debug|Any CPU
		Release|Any CPU = Release|Any CPU
	EndGlobalSection
	GlobalSection(ProjectConfigurationPlatforms) = postSolution
		{B49A391B-C2AE-47C7-98E5-C4FDDECDF267}.Debug|Any CPU.ActiveCfg = Debug|Any CPU
		{B49A391B-C2AE-47C7-98E5-C4FDDECDF267}.Debug|Any CPU.Build.0 = Debug|Any CPU
		{B49A391B-C2AE-47C7-98E5-C4FDDECDF267}.Release|Any CPU.ActiveCfg = Release|Any CPU
		{B49A391B-C2AE-47C7-98E5-C4FDDECDF267}.Release|Any CPU.Build.0 = Release|Any CPU
		{1464568F-A70A-41DC-9696-D60992B2E56D}.Debug|Any CPU.ActiveCfg = Debug|Any CPU
		{1464568F-A70A-41DC-9696-D60992B2E56D}.Debug|Any CPU.Build.0 = Debug|Any CPU
		{1464568F-A70A-41DC-9696-D60992B2E56D}.Release|Any CPU.ActiveCfg = Release|Any CPU
		{1464568F-A70A-41DC-9696-D60992B2E56D}.Release|Any CPU.Build.0 = Release|Any CPU
		{863F9BD3-083E-478B-9F3C-FD2B17CB1911}.Debug|Any CPU.ActiveCfg = Debug|Any CPU
		{863F9BD3-083E-478B-9F3C-FD2B17CB1911}.Debug|Any CPU.Build.0 = Debug|Any CPU
		{863F9BD3-083E-478B-9F3C-FD2B17CB1911}.Release|Any CPU.ActiveCfg = Release|Any CPU
		{863F9BD3-083E-478B-9F3C-FD2B17CB1911}.Release|Any CPU.Build.0 = Release|Any CPU
	EndGlobalSection
EndGlobal
